// !$*UTF8*$!
{
	archiveVersion = 1;
	classes = {
	};
	objectVersion = 46;
	objects = {

/* Begin PBXBuildFile section */
		757E4A641AC1B6EE00730BDD /* main.m in Sources */ = {isa = PBXBuildFile; fileRef = 757E4A631AC1B6EE00730BDD /* main.m */; };
		757E4A671AC1B6EE00730BDD /* AppDelegate.m in Sources */ = {isa = PBXBuildFile; fileRef = 757E4A661AC1B6EE00730BDD /* AppDelegate.m */; };
		757E4A6A1AC1B6EE00730BDD /* ViewController.m in Sources */ = {isa = PBXBuildFile; fileRef = 757E4A691AC1B6EE00730BDD /* ViewController.m */; };
		757E4A6D1AC1B6EE00730BDD /* Main.storyboard in Resources */ = {isa = PBXBuildFile; fileRef = 757E4A6B1AC1B6EE00730BDD /* Main.storyboard */; };
		757E4A6F1AC1B6EE00730BDD /* Images.xcassets in Resources */ = {isa = PBXBuildFile; fileRef = 757E4A6E1AC1B6EE00730BDD /* Images.xcassets */; };
		757E4A721AC1B6EE00730BDD /* LaunchScreen.xib in Resources */ = {isa = PBXBuildFile; fileRef = 757E4A701AC1B6EE00730BDD /* LaunchScreen.xib */; };
		757E4A7E1AC1B6EE00730BDD /* TableView_TestsTests.m in Sources */ = {isa = PBXBuildFile; fileRef = 757E4A7D1AC1B6EE00730BDD /* TableView_TestsTests.m */; };
		757E4A8D1AC1BD0600730BDD /* DynamicTableController.m in Sources */ = {isa = PBXBuildFile; fileRef = 757E4A8C1AC1BD0600730BDD /* DynamicTableController.m */; };
/* End PBXBuildFile section */

/* Begin PBXContainerItemProxy section */
		757E4A781AC1B6EE00730BDD /* PBXContainerItemProxy */ = {
			isa = PBXContainerItemProxy;
			containerPortal = 757E4A561AC1B6EE00730BDD /* Project object */;
			proxyType = 1;
			remoteGlobalIDString = 757E4A5D1AC1B6EE00730BDD;
			remoteInfo = "TableView-Tests";
		};
/* End PBXContainerItemProxy section */

/* Begin PBXFileReference section */
		757E4A5E1AC1B6EE00730BDD /* TableView-Tests.app */ = {isa = PBXFileReference; explicitFileType = wrapper.application; includeInIndex = 0; path = "TableView-Tests.app"; sourceTree = BUILT_PRODUCTS_DIR; };
		757E4A621AC1B6EE00730BDD /* Info.plist */ = {isa = PBXFileReference; lastKnownFileType = text.plist.xml; path = Info.plist; sourceTree = "<group>"; };
		757E4A631AC1B6EE00730BDD /* main.m */ = {isa = PBXFileReference; lastKnownFileType = sourcecode.c.objc; path = main.m; sourceTree = "<group>"; };
		757E4A651AC1B6EE00730BDD /* AppDelegate.h */ = {isa = PBXFileReference; lastKnownFileType = sourcecode.c.h; path = AppDelegate.h; sourceTree = "<group>"; };
		757E4A661AC1B6EE00730BDD /* AppDelegate.m */ = {isa = PBXFileReference; lastKnownFileType = sourcecode.c.objc; path = AppDelegate.m; sourceTree = "<group>"; };
		757E4A681AC1B6EE00730BDD /* ViewController.h */ = {isa = PBXFileReference; lastKnownFileType = sourcecode.c.h; path = ViewController.h; sourceTree = "<group>"; };
		757E4A691AC1B6EE00730BDD /* ViewController.m */ = {isa = PBXFileReference; lastKnownFileType = sourcecode.c.objc; path = ViewController.m; sourceTree = "<group>"; };
		757E4A6C1AC1B6EE00730BDD /* Base */ = {isa = PBXFileReference; lastKnownFileType = file.storyboard; name = Base; path = Base.lproj/Main.storyboard; sourceTree = "<group>"; };
		757E4A6E1AC1B6EE00730BDD /* Images.xcassets */ = {isa = PBXFileReference; lastKnownFileType = folder.assetcatalog; path = Images.xcassets; sourceTree = "<group>"; };
		757E4A711AC1B6EE00730BDD /* Base */ = {isa = PBXFileReference; lastKnownFileType = file.xib; name = Base; path = Base.lproj/LaunchScreen.xib; sourceTree = "<group>"; };
		757E4A771AC1B6EE00730BDD /* TableView-TestsTests.xctest */ = {isa = PBXFileReference; explicitFileType = wrapper.cfbundle; includeInIndex = 0; path = "TableView-TestsTests.xctest"; sourceTree = BUILT_PRODUCTS_DIR; };
		757E4A7C1AC1B6EE00730BDD /* Info.plist */ = {isa = PBXFileReference; lastKnownFileType = text.plist.xml; path = Info.plist; sourceTree = "<group>"; };
		757E4A7D1AC1B6EE00730BDD /* TableView_TestsTests.m */ = {isa = PBXFileReference; lastKnownFileType = sourcecode.c.objc; path = TableView_TestsTests.m; sourceTree = "<group>"; };
		757E4A8B1AC1BD0600730BDD /* DynamicTableController.h */ = {isa = PBXFileReference; fileEncoding = 4; lastKnownFileType = sourcecode.c.h; path = DynamicTableController.h; sourceTree = "<group>"; };
		757E4A8C1AC1BD0600730BDD /* DynamicTableController.m */ = {isa = PBXFileReference; fileEncoding = 4; lastKnownFileType = sourcecode.c.objc; path = DynamicTableController.m; sourceTree = "<group>"; };
/* End PBXFileReference section */

/* Begin PBXFrameworksBuildPhase section */
		757E4A5B1AC1B6EE00730BDD /* Frameworks */ = {
			isa = PBXFrameworksBuildPhase;
			buildActionMask = 2147483647;
			files = (
			);
			runOnlyForDeploymentPostprocessing = 0;
		};
		757E4A741AC1B6EE00730BDD /* Frameworks */ = {
			isa = PBXFrameworksBuildPhase;
			buildActionMask = 2147483647;
			files = (
			);
			runOnlyForDeploymentPostprocessing = 0;
		};
/* End PBXFrameworksBuildPhase section */

/* Begin PBXGroup section */
		757E4A551AC1B6EE00730BDD = {
			isa = PBXGroup;
			children = (
				757E4A601AC1B6EE00730BDD /* TableView-Tests */,
				757E4A7A1AC1B6EE00730BDD /* TableView-TestsTests */,
				757E4A5F1AC1B6EE00730BDD /* Products */,
			);
			sourceTree = "<group>";
		};
		757E4A5F1AC1B6EE00730BDD /* Products */ = {
			isa = PBXGroup;
			children = (
				757E4A5E1AC1B6EE00730BDD /* TableView-Tests.app */,
				757E4A771AC1B6EE00730BDD /* TableView-TestsTests.xctest */,
			);
			name = Products;
			sourceTree = "<group>";
		};
		757E4A601AC1B6EE00730BDD /* TableView-Tests */ = {
			isa = PBXGroup;
			children = (
				757E4A651AC1B6EE00730BDD /* AppDelegate.h */,
				757E4A661AC1B6EE00730BDD /* AppDelegate.m */,
				757E4A881AC1B80B00730BDD /* Storyboards */,
				757E4A871AC1B80200730BDD /* Controllers */,
				757E4A891AC1B81800730BDD /* Resources */,
				757E4A611AC1B6EE00730BDD /* Supporting Files */,
			);
			path = "TableView-Tests";
			sourceTree = "<group>";
		};
		757E4A611AC1B6EE00730BDD /* Supporting Files */ = {
			isa = PBXGroup;
			children = (
				757E4A621AC1B6EE00730BDD /* Info.plist */,
				757E4A631AC1B6EE00730BDD /* main.m */,
			);
			name = "Supporting Files";
			sourceTree = "<group>";
		};
		757E4A7A1AC1B6EE00730BDD /* TableView-TestsTests */ = {
			isa = PBXGroup;
			children = (
				757E4A7D1AC1B6EE00730BDD /* TableView_TestsTests.m */,
				757E4A7B1AC1B6EE00730BDD /* Supporting Files */,
			);
			path = "TableView-TestsTests";
			sourceTree = "<group>";
		};
		757E4A7B1AC1B6EE00730BDD /* Supporting Files */ = {
			isa = PBXGroup;
			children = (
				757E4A7C1AC1B6EE00730BDD /* Info.plist */,
			);
			name = "Supporting Files";
			sourceTree = "<group>";
		};
		757E4A871AC1B80200730BDD /* Controllers */ = {
			isa = PBXGroup;
			children = (
				757E4A8A1AC1BCE200730BDD /* Home */,
				757E4A8E1AC1BD0900730BDD /* Dynamic Table */,
			);
			name = Controllers;
			sourceTree = "<group>";
		};
		757E4A881AC1B80B00730BDD /* Storyboards */ = {
			isa = PBXGroup;
			children = (
				757E4A6B1AC1B6EE00730BDD /* Main.storyboard */,
				757E4A701AC1B6EE00730BDD /* LaunchScreen.xib */,
			);
			name = Storyboards;
			sourceTree = "<group>";
		};
		757E4A891AC1B81800730BDD /* Resources */ = {
			isa = PBXGroup;
			children = (
				757E4A6E1AC1B6EE00730BDD /* Images.xcassets */,
			);
			name = Resources;
			sourceTree = "<group>";
		};
		757E4A8A1AC1BCE200730BDD /* Home */ = {
			isa = PBXGroup;
			children = (
				757E4A681AC1B6EE00730BDD /* ViewController.h */,
				757E4A691AC1B6EE00730BDD /* ViewController.m */,
			);
			name = Home;
			sourceTree = "<group>";
		};
		757E4A8E1AC1BD0900730BDD /* Dynamic Table */ = {
			isa = PBXGroup;
			children = (
				757E4A8B1AC1BD0600730BDD /* DynamicTableController.h */,
				757E4A8C1AC1BD0600730BDD /* DynamicTableController.m */,
			);
			name = "Dynamic Table";
			sourceTree = "<group>";
		};
/* End PBXGroup section */

/* Begin PBXNativeTarget section */
		757E4A5D1AC1B6EE00730BDD /* TableView-Tests */ = {
			isa = PBXNativeTarget;
			buildConfigurationList = 757E4A811AC1B6EE00730BDD /* Build configuration list for PBXNativeTarget "TableView-Tests" */;
			buildPhases = (
				757E4A5A1AC1B6EE00730BDD /* Sources */,
				757E4A5B1AC1B6EE00730BDD /* Frameworks */,
				757E4A5C1AC1B6EE00730BDD /* Resources */,
			);
			buildRules = (
			);
			dependencies = (
			);
			name = "TableView-Tests";
			productName = "TableView-Tests";
			productReference = 757E4A5E1AC1B6EE00730BDD /* TableView-Tests.app */;
			productType = "com.apple.product-type.application";
		};
		757E4A761AC1B6EE00730BDD /* TableView-TestsTests */ = {
			isa = PBXNativeTarget;
			buildConfigurationList = 757E4A841AC1B6EE00730BDD /* Build configuration list for PBXNativeTarget "TableView-TestsTests" */;
			buildPhases = (
				757E4A731AC1B6EE00730BDD /* Sources */,
				757E4A741AC1B6EE00730BDD /* Frameworks */,
				757E4A751AC1B6EE00730BDD /* Resources */,
			);
			buildRules = (
			);
			dependencies = (
				757E4A791AC1B6EE00730BDD /* PBXTargetDependency */,
			);
			name = "TableView-TestsTests";
			productName = "TableView-TestsTests";
			productReference = 757E4A771AC1B6EE00730BDD /* TableView-TestsTests.xctest */;
			productType = "com.apple.product-type.bundle.unit-test";
		};
/* End PBXNativeTarget section */

/* Begin PBXProject section */
		757E4A561AC1B6EE00730BDD /* Project object */ = {
			isa = PBXProject;
			attributes = {
				LastUpgradeCheck = 0610;
				ORGANIZATIONNAME = "Artur Igberdin";
				TargetAttributes = {
					757E4A5D1AC1B6EE00730BDD = {
						CreatedOnToolsVersion = 6.1.1;
					};
					757E4A761AC1B6EE00730BDD = {
						CreatedOnToolsVersion = 6.1.1;
						TestTargetID = 757E4A5D1AC1B6EE00730BDD;
					};
				};
			};
			buildConfigurationList = 757E4A591AC1B6EE00730BDD /* Build configuration list for PBXProject "TableView-Tests" */;
			compatibilityVersion = "Xcode 3.2";
			developmentRegion = English;
			hasScannedForEncodings = 0;
			knownRegions = (
				en,
				Base,
			);
			mainGroup = 757E4A551AC1B6EE00730BDD;
			productRefGroup = 757E4A5F1AC1B6EE00730BDD /* Products */;
			projectDirPath = "";
			projectRoot = "";
			targets = (
				757E4A5D1AC1B6EE00730BDD /* TableView-Tests */,
				757E4A761AC1B6EE00730BDD /* TableView-TestsTests */,
			);
		};
/* End PBXProject section */

/* Begin PBXResourcesBuildPhase section */
		757E4A5C1AC1B6EE00730BDD /* Resources */ = {
			isa = PBXResourcesBuildPhase;
			buildActionMask = 2147483647;
			files = (
				757E4A6D1AC1B6EE00730BDD /* Main.storyboard in Resources */,
				757E4A721AC1B6EE00730BDD /* LaunchScreen.xib in Resources */,
				757E4A6F1AC1B6EE00730BDD /* Images.xcassets in Resources */,
			);
			runOnlyForDeploymentPostprocessing = 0;
		};
		757E4A751AC1B6EE00730BDD /* Resources */ = {
			isa = PBXResourcesBuildPhase;
			buildActionMask = 2147483647;
			files = (
			);
			runOnlyForDeploymentPostprocessing = 0;
		};
/* End PBXResourcesBuildPhase section */

/* Begin PBXSourcesBuildPhase section */
		757E4A5A1AC1B6EE00730BDD /* Sources */ = {
			isa = PBXSourcesBuildPhase;
			buildActionMask = 2147483647;
			files = (
				757E4A8D1AC1BD0600730BDD /* DynamicTableController.m in Sources */,
				757E4A6A1AC1B6EE00730BDD /* ViewController.m in Sources */,
				757E4A671AC1B6EE00730BDD /* AppDelegate.m in Sources */,
				757E4A641AC1B6EE00730BDD /* main.m in Sources */,
			);
			runOnlyForDeploymentPostprocessing = 0;
		};
		757E4A731AC1B6EE00730BDD /* Sources */ = {
			isa = PBXSourcesBuildPhase;
			buildActionMask = 2147483647;
			files = (
				757E4A7E1AC1B6EE00730BDD /* TableView_TestsTests.m in Sources */,
			);
			runOnlyForDeploymentPostprocessing = 0;
		};
/* End PBXSourcesBuildPhase section */

/* Begin PBXTargetDependency section */
		757E4A791AC1B6EE00730BDD /* PBXTargetDependency */ = {
			isa = PBXTargetDependency;
			target = 757E4A5D1AC1B6EE00730BDD /* TableView-Tests */;
			targetProxy = 757E4A781AC1B6EE00730BDD /* PBXContainerItemProxy */;
		};
/* End PBXTargetDependency section */

/* Begin PBXVariantGroup section */
		757E4A6B1AC1B6EE00730BDD /* Main.storyboard */ = {
			isa = PBXVariantGroup;
			children = (
				757E4A6C1AC1B6EE00730BDD /* Base */,
			);
			name = Main.storyboard;
			sourceTree = "<group>";
		};
		757E4A701AC1B6EE00730BDD /* LaunchScreen.xib */ = {
			isa = PBXVariantGroup;
			children = (
				757E4A711AC1B6EE00730BDD /* Base */,
			);
			name = LaunchScreen.xib;
			sourceTree = "<group>";
		};
/* End PBXVariantGroup section */

/* Begin XCBuildConfiguration section */
		757E4A7F1AC1B6EE00730BDD /* Debug */ = {
			isa = XCBuildConfiguration;
			buildSettings = {
				ALWAYS_SEARCH_USER_PATHS = NO;
				CLANG_CXX_LANGUAGE_STANDARD = "gnu++0x";
				CLANG_CXX_LIBRARY = "libc++";
				CLANG_ENABLE_MODULES = YES;
				CLANG_ENABLE_OBJC_ARC = YES;
				CLANG_WARN_BOOL_CONVERSION = YES;
				CLANG_WARN_CONSTANT_CONVERSION = YES;
				CLANG_WARN_DIRECT_OBJC_ISA_USAGE = YES_ERROR;
				CLANG_WARN_EMPTY_BODY = YES;
				CLANG_WARN_ENUM_CONVERSION = YES;
				CLANG_WARN_INT_CONVERSION = YES;
				CLANG_WARN_OBJC_ROOT_CLASS = YES_ERROR;
				CLANG_WARN_UNREACHABLE_CODE = YES;
				CLANG_WARN__DUPLICATE_METHOD_MATCH = YES;
				"CODE_SIGN_IDENTITY[sdk=iphoneos*]" = "iPhone Developer";
				COPY_PHASE_STRIP = NO;
				ENABLE_STRICT_OBJC_MSGSEND = YES;
				GCC_C_LANGUAGE_STANDARD = gnu99;
				GCC_DYNAMIC_NO_PIC = NO;
				GCC_OPTIMIZATION_LEVEL = 0;
				GCC_PREPROCESSOR_DEFINITIONS = (
					"DEBUG=1",
					"$(inherited)",
				);
				GCC_SYMBOLS_PRIVATE_EXTERN = NO;
				GCC_WARN_64_TO_32_BIT_CONVERSION = YES;
				GCC_WARN_ABOUT_RETURN_TYPE = YES_ERROR;
				GCC_WARN_UNDECLARED_SELECTOR = YES;
				GCC_WARN_UNINITIALIZED_AUTOS = YES_AGGRESSIVE;
				GCC_WARN_UNUSED_FUNCTION = YES;
				GCC_WARN_UNUSED_VARIABLE = YES;
				IPHONEOS_DEPLOYMENT_TARGET = 8.1;
				MTL_ENABLE_DEBUG_INFO = YES;
				ONLY_ACTIVE_ARCH = YES;
				SDKROOT = iphoneos;
				TARGETED_DEVICE_FAMILY = "1,2";
			};
			name = Debug;
		};
		757E4A801AC1B6EE00730BDD /* Release */ = {
			isa = XCBuildConfiguration;
			buildSettings = {
				ALWAYS_SEARCH_USER_PATHS = NO;
				CLANG_CXX_LANGUAGE_STANDARD = "gnu++0x";
				CLANG_CXX_LIBRARY = "libc++";
				CLANG_ENABLE_MODULES = YES;
				CLANG_ENABLE_OBJC_ARC = YES;
				CLANG_WARN_BOOL_CONVERSION = YES;
				CLANG_WARN_CONSTANT_CONVERSION = YES;
				CLANG_WARN_DIRECT_OBJC_ISA_USAGE = YES_ERROR;
				CLANG_WARN_EMPTY_BODY = YES;
				CLANG_WARN_ENUM_CONVERSION = YES;
				CLANG_WARN_INT_CONVERSION = YES;
				CLANG_WARN_OBJC_ROOT_CLASS = YES_ERROR;
				CLANG_WARN_UNREACHABLE_CODE = YES;
				CLANG_WARN__DUPLICATE_METHOD_MATCH = YES;
				"CODE_SIGN_IDENTITY[sdk=iphoneos*]" = "iPhone Developer";
				COPY_PHASE_STRIP = YES;
				ENABLE_NS_ASSERTIONS = NO;
				ENABLE_STRICT_OBJC_MSGSEND = YES;
				GCC_C_LANGUAGE_STANDARD = gnu99;
				GCC_WARN_64_TO_32_BIT_CONVERSION = YES;
				GCC_WARN_ABOUT_RETURN_TYPE = YES_ERROR;
				GCC_WARN_UNDECLARED_SELECTOR = YES;
				GCC_WARN_UNINITIALIZED_AUTOS = YES_AGGRESSIVE;
				GCC_WARN_UNUSED_FUNCTION = YES;
				GCC_WARN_UNUSED_VARIABLE = YES;
				IPHONEOS_DEPLOYMENT_TARGET = 8.1;
				MTL_ENABLE_DEBUG_INFO = NO;
				SDKROOT = iphoneos;
				TARGETED_DEVICE_FAMILY = "1,2";
				VALIDATE_PRODUCT = YES;
			};
			name = Release;
		};
		757E4A821AC1B6EE00730BDD /* Debug */ = {
			isa = XCBuildConfiguration;
			buildSettings = {
				ASSETCATALOG_COMPILER_APPICON_NAME = AppIcon;
				INFOPLIST_FILE = "TableView-Tests/Info.plist";
				LD_RUNPATH_SEARCH_PATHS = "$(inherited) @executable_path/Frameworks";
				PRODUCT_NAME = "$(TARGET_NAME)";
			};
			name = Debug;
		};
		757E4A831AC1B6EE00730BDD /* Release */ = {
			isa = XCBuildConfiguration;
			buildSettings = {
				ASSETCATALOG_COMPILER_APPICON_NAME = AppIcon;
				INFOPLIST_FILE = "TableView-Tests/Info.plist";
				LD_RUNPATH_SEARCH_PATHS = "$(inherited) @executable_path/Frameworks";
				PRODUCT_NAME = "$(TARGET_NAME)";
			};
			name = Release;
		};
		757E4A851AC1B6EE00730BDD /* Debug */ = {
			isa = XCBuildConfiguration;
			buildSettings = {
				BUNDLE_LOADER = "$(TEST_HOST)";
				FRAMEWORK_SEARCH_PATHS = (
					"$(SDKROOT)/Developer/Library/Frameworks",
					"$(inherited)",
				);
				GCC_PREPROCESSOR_DEFINITIONS = (
					"DEBUG=1",
					"$(inherited)",
				);
				INFOPLIST_FILE = "TableView-TestsTests/Info.plist";
				LD_RUNPATH_SEARCH_PATHS = "$(inherited) @executable_path/Frameworks @loader_path/Frameworks";
				PRODUCT_NAME = "$(TARGET_NAME)";
				TEST_HOST = "$(BUILT_PRODUCTS_DIR)/TableView-Tests.app/TableView-Tests";
			};
			name = Debug;
		};
		757E4A861AC1B6EE00730BDD /* Release */ = {
			isa = XCBuildConfiguration;
			buildSettings = {
				BUNDLE_LOADER = "$(TEST_HOST)";
				FRAMEWORK_SEARCH_PATHS = (
					"$(SDKROOT)/Developer/Library/Frameworks",
					"$(inherited)",
				);
				INFOPLIST_FILE = "TableView-TestsTests/Info.plist";
				LD_RUNPATH_SEARCH_PATHS = "$(inherited) @executable_path/Frameworks @loader_path/Frameworks";
				PRODUCT_NAME = "$(TARGET_NAME)";
				TEST_HOST = "$(BUILT_PRODUCTS_DIR)/TableView-Tests.app/TableView-Tests";
			};
			name = Release;
		};
/* End XCBuildConfiguration section */

/* Begin XCConfigurationList section */
		757E4A591AC1B6EE00730BDD /* Build configuration list for PBXProject "TableView-Tests" */ = {
			isa = XCConfigurationList;
			buildConfigurations = (
				757E4A7F1AC1B6EE00730BDD /* Debug */,
				757E4A801AC1B6EE00730BDD /* Release */,
			);
			defaultConfigurationIsVisible = 0;
			defaultConfigurationName = Release;
		};
		757E4A811AC1B6EE00730BDD /* Build configuration list for PBXNativeTarget "TableView-Tests" */ = {
			isa = XCConfigurationList;
			buildConfigurations = (
				757E4A821AC1B6EE00730BDD /* Debug */,
				757E4A831AC1B6EE00730BDD /* Release */,
			);
			defaultConfigurationIsVisible = 0;
		};
		757E4A841AC1B6EE00730BDD /* Build configuration list for PBXNativeTarget "TableView-TestsTests" */ = {
			isa = XCConfigurationList;
			buildConfigurations = (
				757E4A851AC1B6EE00730BDD /* Debug */,
				757E4A861AC1B6EE00730BDD /* Release */,
			);
			defaultConfigurationIsVisible = 0;
		};
/* End XCConfigurationList section */
	};
	rootObject = 757E4A561AC1B6EE00730BDD /* Project object */;
}
