// !$*UTF8*$!
{
	archiveVersion = 1;
	classes = {
	};
	objectVersion = 46;
	objects = {

/* Begin PBXBuildFile section */
		7558DFCD1A8E18B60088138A /* main.m in Sources */ = {isa = PBXBuildFile; fileRef = 7558DFCC1A8E18B60088138A /* main.m */; };
		7558DFD01A8E18B60088138A /* AppDelegate.m in Sources */ = {isa = PBXBuildFile; fileRef = 7558DFCF1A8E18B60088138A /* AppDelegate.m */; };
		7558DFD31A8E18B60088138A /* ViewController.m in Sources */ = {isa = PBXBuildFile; fileRef = 7558DFD21A8E18B60088138A /* ViewController.m */; };
		7558DFD61A8E18B60088138A /* Main.storyboard in Resources */ = {isa = PBXBuildFile; fileRef = 7558DFD41A8E18B60088138A /* Main.storyboard */; };
		7558DFD81A8E18B60088138A /* Images.xcassets in Resources */ = {isa = PBXBuildFile; fileRef = 7558DFD71A8E18B60088138A /* Images.xcassets */; };
		7558DFDB1A8E18B60088138A /* LaunchScreen.xib in Resources */ = {isa = PBXBuildFile; fileRef = 7558DFD91A8E18B60088138A /* LaunchScreen.xib */; };
		7558DFE71A8E18B60088138A /* SWRevealController_TestTests.m in Sources */ = {isa = PBXBuildFile; fileRef = 7558DFE61A8E18B60088138A /* SWRevealController_TestTests.m */; };
		7558DFF21A8E196B0088138A /* SWRevealViewController.m in Sources */ = {isa = PBXBuildFile; fileRef = 7558DFF11A8E196B0088138A /* SWRevealViewController.m */; };
		7558DFF51A8EA2960088138A /* README.md in Sources */ = {isa = PBXBuildFile; fileRef = 7558DFF41A8EA2960088138A /* README.md */; };
		7558DFF81A8EA9790088138A /* NavigationViewController.m in Sources */ = {isa = PBXBuildFile; fileRef = 7558DFF71A8EA9790088138A /* NavigationViewController.m */; };
/* End PBXBuildFile section */

/* Begin PBXContainerItemProxy section */
		7558DFE11A8E18B60088138A /* PBXContainerItemProxy */ = {
			isa = PBXContainerItemProxy;
			containerPortal = 7558DFBF1A8E18B60088138A /* Project object */;
			proxyType = 1;
			remoteGlobalIDString = 7558DFC61A8E18B60088138A;
			remoteInfo = "SWRevealController-Test";
		};
/* End PBXContainerItemProxy section */

/* Begin PBXFileReference section */
		7558DFC71A8E18B60088138A /* SWRevealController-Test.app */ = {isa = PBXFileReference; explicitFileType = wrapper.application; includeInIndex = 0; path = "SWRevealController-Test.app"; sourceTree = BUILT_PRODUCTS_DIR; };
		7558DFCB1A8E18B60088138A /* Info.plist */ = {isa = PBXFileReference; lastKnownFileType = text.plist.xml; path = Info.plist; sourceTree = "<group>"; };
		7558DFCC1A8E18B60088138A /* main.m */ = {isa = PBXFileReference; lastKnownFileType = sourcecode.c.objc; path = main.m; sourceTree = "<group>"; };
		7558DFCE1A8E18B60088138A /* AppDelegate.h */ = {isa = PBXFileReference; lastKnownFileType = sourcecode.c.h; path = AppDelegate.h; sourceTree = "<group>"; };
		7558DFCF1A8E18B60088138A /* AppDelegate.m */ = {isa = PBXFileReference; lastKnownFileType = sourcecode.c.objc; path = AppDelegate.m; sourceTree = "<group>"; };
		7558DFD11A8E18B60088138A /* ViewController.h */ = {isa = PBXFileReference; lastKnownFileType = sourcecode.c.h; path = ViewController.h; sourceTree = "<group>"; };
		7558DFD21A8E18B60088138A /* ViewController.m */ = {isa = PBXFileReference; lastKnownFileType = sourcecode.c.objc; path = ViewController.m; sourceTree = "<group>"; };
		7558DFD51A8E18B60088138A /* Base */ = {isa = PBXFileReference; lastKnownFileType = file.storyboard; name = Base; path = Base.lproj/Main.storyboard; sourceTree = "<group>"; };
		7558DFD71A8E18B60088138A /* Images.xcassets */ = {isa = PBXFileReference; lastKnownFileType = folder.assetcatalog; path = Images.xcassets; sourceTree = "<group>"; };
		7558DFDA1A8E18B60088138A /* Base */ = {isa = PBXFileReference; lastKnownFileType = file.xib; name = Base; path = Base.lproj/LaunchScreen.xib; sourceTree = "<group>"; };
		7558DFE01A8E18B60088138A /* SWRevealController-TestTests.xctest */ = {isa = PBXFileReference; explicitFileType = wrapper.cfbundle; includeInIndex = 0; path = "SWRevealController-TestTests.xctest"; sourceTree = BUILT_PRODUCTS_DIR; };
		7558DFE51A8E18B60088138A /* Info.plist */ = {isa = PBXFileReference; lastKnownFileType = text.plist.xml; path = Info.plist; sourceTree = "<group>"; };
		7558DFE61A8E18B60088138A /* SWRevealController_TestTests.m */ = {isa = PBXFileReference; lastKnownFileType = sourcecode.c.objc; path = SWRevealController_TestTests.m; sourceTree = "<group>"; };
		7558DFF01A8E196B0088138A /* SWRevealViewController.h */ = {isa = PBXFileReference; fileEncoding = 4; lastKnownFileType = sourcecode.c.h; path = SWRevealViewController.h; sourceTree = "<group>"; };
		7558DFF11A8E196B0088138A /* SWRevealViewController.m */ = {isa = PBXFileReference; fileEncoding = 4; lastKnownFileType = sourcecode.c.objc; path = SWRevealViewController.m; sourceTree = "<group>"; };
		7558DFF41A8EA2960088138A /* README.md */ = {isa = PBXFileReference; fileEncoding = 4; lastKnownFileType = net.daringfireball.markdown; path = README.md; sourceTree = "<group>"; };
		7558DFF61A8EA9790088138A /* NavigationViewController.h */ = {isa = PBXFileReference; fileEncoding = 4; lastKnownFileType = sourcecode.c.h; path = NavigationViewController.h; sourceTree = "<group>"; };
		7558DFF71A8EA9790088138A /* NavigationViewController.m */ = {isa = PBXFileReference; fileEncoding = 4; lastKnownFileType = sourcecode.c.objc; path = NavigationViewController.m; sourceTree = "<group>"; };
/* End PBXFileReference section */

/* Begin PBXFrameworksBuildPhase section */
		7558DFC41A8E18B60088138A /* Frameworks */ = {
			isa = PBXFrameworksBuildPhase;
			buildActionMask = 2147483647;
			files = (
			);
			runOnlyForDeploymentPostprocessing = 0;
		};
		7558DFDD1A8E18B60088138A /* Frameworks */ = {
			isa = PBXFrameworksBuildPhase;
			buildActionMask = 2147483647;
			files = (
			);
			runOnlyForDeploymentPostprocessing = 0;
		};
/* End PBXFrameworksBuildPhase section */

/* Begin PBXGroup section */
		7558DFBE1A8E18B60088138A = {
			isa = PBXGroup;
			children = (
				7558DFF41A8EA2960088138A /* README.md */,
				7558DFC91A8E18B60088138A /* SWRevealController-Test */,
				7558DFE31A8E18B60088138A /* SWRevealController-TestTests */,
				7558DFC81A8E18B60088138A /* Products */,
			);
			sourceTree = "<group>";
		};
		7558DFC81A8E18B60088138A /* Products */ = {
			isa = PBXGroup;
			children = (
				7558DFC71A8E18B60088138A /* SWRevealController-Test.app */,
				7558DFE01A8E18B60088138A /* SWRevealController-TestTests.xctest */,
			);
			name = Products;
			sourceTree = "<group>";
		};
		7558DFC91A8E18B60088138A /* SWRevealController-Test */ = {
			isa = PBXGroup;
			children = (
				7558DFCE1A8E18B60088138A /* AppDelegate.h */,
				7558DFCF1A8E18B60088138A /* AppDelegate.m */,
				7558DFF31A8E19730088138A /* Reveal Controller */,
				7558DFF91A8EA9830088138A /* Navigation Controller */,
				7558DFD11A8E18B60088138A /* ViewController.h */,
				7558DFD21A8E18B60088138A /* ViewController.m */,
				7558DFD41A8E18B60088138A /* Main.storyboard */,
				7558DFD71A8E18B60088138A /* Images.xcassets */,
				7558DFD91A8E18B60088138A /* LaunchScreen.xib */,
				7558DFCA1A8E18B60088138A /* Supporting Files */,
			);
			path = "SWRevealController-Test";
			sourceTree = "<group>";
		};
		7558DFCA1A8E18B60088138A /* Supporting Files */ = {
			isa = PBXGroup;
			children = (
				7558DFCB1A8E18B60088138A /* Info.plist */,
				7558DFCC1A8E18B60088138A /* main.m */,
			);
			name = "Supporting Files";
			sourceTree = "<group>";
		};
		7558DFE31A8E18B60088138A /* SWRevealController-TestTests */ = {
			isa = PBXGroup;
			children = (
				7558DFE61A8E18B60088138A /* SWRevealController_TestTests.m */,
				7558DFE41A8E18B60088138A /* Supporting Files */,
			);
			path = "SWRevealController-TestTests";
			sourceTree = "<group>";
		};
		7558DFE41A8E18B60088138A /* Supporting Files */ = {
			isa = PBXGroup;
			children = (
				7558DFE51A8E18B60088138A /* Info.plist */,
			);
			name = "Supporting Files";
			sourceTree = "<group>";
		};
		7558DFF31A8E19730088138A /* Reveal Controller */ = {
			isa = PBXGroup;
			children = (
				7558DFF01A8E196B0088138A /* SWRevealViewController.h */,
				7558DFF11A8E196B0088138A /* SWRevealViewController.m */,
			);
			name = "Reveal Controller";
			sourceTree = "<group>";
		};
		7558DFF91A8EA9830088138A /* Navigation Controller */ = {
			isa = PBXGroup;
			children = (
				7558DFF61A8EA9790088138A /* NavigationViewController.h */,
				7558DFF71A8EA9790088138A /* NavigationViewController.m */,
			);
			name = "Navigation Controller";
			sourceTree = "<group>";
		};
/* End PBXGroup section */

/* Begin PBXNativeTarget section */
		7558DFC61A8E18B60088138A /* SWRevealController-Test */ = {
			isa = PBXNativeTarget;
			buildConfigurationList = 7558DFEA1A8E18B60088138A /* Build configuration list for PBXNativeTarget "SWRevealController-Test" */;
			buildPhases = (
				7558DFC31A8E18B60088138A /* Sources */,
				7558DFC41A8E18B60088138A /* Frameworks */,
				7558DFC51A8E18B60088138A /* Resources */,
			);
			buildRules = (
			);
			dependencies = (
			);
			name = "SWRevealController-Test";
			productName = "SWRevealController-Test";
			productReference = 7558DFC71A8E18B60088138A /* SWRevealController-Test.app */;
			productType = "com.apple.product-type.application";
		};
		7558DFDF1A8E18B60088138A /* SWRevealController-TestTests */ = {
			isa = PBXNativeTarget;
			buildConfigurationList = 7558DFED1A8E18B60088138A /* Build configuration list for PBXNativeTarget "SWRevealController-TestTests" */;
			buildPhases = (
				7558DFDC1A8E18B60088138A /* Sources */,
				7558DFDD1A8E18B60088138A /* Frameworks */,
				7558DFDE1A8E18B60088138A /* Resources */,
			);
			buildRules = (
			);
			dependencies = (
				7558DFE21A8E18B60088138A /* PBXTargetDependency */,
			);
			name = "SWRevealController-TestTests";
			productName = "SWRevealController-TestTests";
			productReference = 7558DFE01A8E18B60088138A /* SWRevealController-TestTests.xctest */;
			productType = "com.apple.product-type.bundle.unit-test";
		};
/* End PBXNativeTarget section */

/* Begin PBXProject section */
		7558DFBF1A8E18B60088138A /* Project object */ = {
			isa = PBXProject;
			attributes = {
				LastUpgradeCheck = 0610;
				ORGANIZATIONNAME = "Artur Igberdin";
				TargetAttributes = {
					7558DFC61A8E18B60088138A = {
						CreatedOnToolsVersion = 6.1.1;
					};
					7558DFDF1A8E18B60088138A = {
						CreatedOnToolsVersion = 6.1.1;
						TestTargetID = 7558DFC61A8E18B60088138A;
					};
				};
			};
			buildConfigurationList = 7558DFC21A8E18B60088138A /* Build configuration list for PBXProject "SWRevealController-Test" */;
			compatibilityVersion = "Xcode 3.2";
			developmentRegion = English;
			hasScannedForEncodings = 0;
			knownRegions = (
				en,
				Base,
			);
			mainGroup = 7558DFBE1A8E18B60088138A;
			productRefGroup = 7558DFC81A8E18B60088138A /* Products */;
			projectDirPath = "";
			projectRoot = "";
			targets = (
				7558DFC61A8E18B60088138A /* SWRevealController-Test */,
				7558DFDF1A8E18B60088138A /* SWRevealController-TestTests */,
			);
		};
/* End PBXProject section */

/* Begin PBXResourcesBuildPhase section */
		7558DFC51A8E18B60088138A /* Resources */ = {
			isa = PBXResourcesBuildPhase;
			buildActionMask = 2147483647;
			files = (
				7558DFD61A8E18B60088138A /* Main.storyboard in Resources */,
				7558DFDB1A8E18B60088138A /* LaunchScreen.xib in Resources */,
				7558DFD81A8E18B60088138A /* Images.xcassets in Resources */,
			);
			runOnlyForDeploymentPostprocessing = 0;
		};
		7558DFDE1A8E18B60088138A /* Resources */ = {
			isa = PBXResourcesBuildPhase;
			buildActionMask = 2147483647;
			files = (
			);
			runOnlyForDeploymentPostprocessing = 0;
		};
/* End PBXResourcesBuildPhase section */

/* Begin PBXSourcesBuildPhase section */
		7558DFC31A8E18B60088138A /* Sources */ = {
			isa = PBXSourcesBuildPhase;
			buildActionMask = 2147483647;
			files = (
				7558DFD31A8E18B60088138A /* ViewController.m in Sources */,
				7558DFD01A8E18B60088138A /* AppDelegate.m in Sources */,
				7558DFF81A8EA9790088138A /* NavigationViewController.m in Sources */,
				7558DFF51A8EA2960088138A /* README.md in Sources */,
				7558DFCD1A8E18B60088138A /* main.m in Sources */,
				7558DFF21A8E196B0088138A /* SWRevealViewController.m in Sources */,
			);
			runOnlyForDeploymentPostprocessing = 0;
		};
		7558DFDC1A8E18B60088138A /* Sources */ = {
			isa = PBXSourcesBuildPhase;
			buildActionMask = 2147483647;
			files = (
				7558DFE71A8E18B60088138A /* SWRevealController_TestTests.m in Sources */,
			);
			runOnlyForDeploymentPostprocessing = 0;
		};
/* End PBXSourcesBuildPhase section */

/* Begin PBXTargetDependency section */
		7558DFE21A8E18B60088138A /* PBXTargetDependency */ = {
			isa = PBXTargetDependency;
			target = 7558DFC61A8E18B60088138A /* SWRevealController-Test */;
			targetProxy = 7558DFE11A8E18B60088138A /* PBXContainerItemProxy */;
		};
/* End PBXTargetDependency section */

/* Begin PBXVariantGroup section */
		7558DFD41A8E18B60088138A /* Main.storyboard */ = {
			isa = PBXVariantGroup;
			children = (
				7558DFD51A8E18B60088138A /* Base */,
			);
			name = Main.storyboard;
			sourceTree = "<group>";
		};
		7558DFD91A8E18B60088138A /* LaunchScreen.xib */ = {
			isa = PBXVariantGroup;
			children = (
				7558DFDA1A8E18B60088138A /* Base */,
			);
			name = LaunchScreen.xib;
			sourceTree = "<group>";
		};
/* End PBXVariantGroup section */

/* Begin XCBuildConfiguration section */
		7558DFE81A8E18B60088138A /* Debug */ = {
			isa = XCBuildConfiguration;
			buildSettings = {
				ALWAYS_SEARCH_USER_PATHS = NO;
				CLANG_CXX_LANGUAGE_STANDARD = "gnu++0x";
				CLANG_CXX_LIBRARY = "libc++";
				CLANG_ENABLE_MODULES = YES;
				CLANG_ENABLE_OBJC_ARC = YES;
				CLANG_WARN_BOOL_CONVERSION = YES;
				CLANG_WARN_CONSTANT_CONVERSION = YES;
				CLANG_WARN_DIRECT_OBJC_ISA_USAGE = YES_ERROR;
				CLANG_WARN_EMPTY_BODY = YES;
				CLANG_WARN_ENUM_CONVERSION = YES;
				CLANG_WARN_INT_CONVERSION = YES;
				CLANG_WARN_OBJC_ROOT_CLASS = YES_ERROR;
				CLANG_WARN_UNREACHABLE_CODE = YES;
				CLANG_WARN__DUPLICATE_METHOD_MATCH = YES;
				"CODE_SIGN_IDENTITY[sdk=iphoneos*]" = "iPhone Developer";
				COPY_PHASE_STRIP = NO;
				ENABLE_STRICT_OBJC_MSGSEND = YES;
				GCC_C_LANGUAGE_STANDARD = gnu99;
				GCC_DYNAMIC_NO_PIC = NO;
				GCC_OPTIMIZATION_LEVEL = 0;
				GCC_PREPROCESSOR_DEFINITIONS = (
					"DEBUG=1",
					"$(inherited)",
				);
				GCC_SYMBOLS_PRIVATE_EXTERN = NO;
				GCC_WARN_64_TO_32_BIT_CONVERSION = YES;
				GCC_WARN_ABOUT_RETURN_TYPE = YES_ERROR;
				GCC_WARN_UNDECLARED_SELECTOR = YES;
				GCC_WARN_UNINITIALIZED_AUTOS = YES_AGGRESSIVE;
				GCC_WARN_UNUSED_FUNCTION = YES;
				GCC_WARN_UNUSED_VARIABLE = YES;
				IPHONEOS_DEPLOYMENT_TARGET = 8.1;
				MTL_ENABLE_DEBUG_INFO = YES;
				ONLY_ACTIVE_ARCH = YES;
				SDKROOT = iphoneos;
				TARGETED_DEVICE_FAMILY = "1,2";
			};
			name = Debug;
		};
		7558DFE91A8E18B60088138A /* Release */ = {
			isa = XCBuildConfiguration;
			buildSettings = {
				ALWAYS_SEARCH_USER_PATHS = NO;
				CLANG_CXX_LANGUAGE_STANDARD = "gnu++0x";
				CLANG_CXX_LIBRARY = "libc++";
				CLANG_ENABLE_MODULES = YES;
				CLANG_ENABLE_OBJC_ARC = YES;
				CLANG_WARN_BOOL_CONVERSION = YES;
				CLANG_WARN_CONSTANT_CONVERSION = YES;
				CLANG_WARN_DIRECT_OBJC_ISA_USAGE = YES_ERROR;
				CLANG_WARN_EMPTY_BODY = YES;
				CLANG_WARN_ENUM_CONVERSION = YES;
				CLANG_WARN_INT_CONVERSION = YES;
				CLANG_WARN_OBJC_ROOT_CLASS = YES_ERROR;
				CLANG_WARN_UNREACHABLE_CODE = YES;
				CLANG_WARN__DUPLICATE_METHOD_MATCH = YES;
				"CODE_SIGN_IDENTITY[sdk=iphoneos*]" = "iPhone Developer";
				COPY_PHASE_STRIP = YES;
				ENABLE_NS_ASSERTIONS = NO;
				ENABLE_STRICT_OBJC_MSGSEND = YES;
				GCC_C_LANGUAGE_STANDARD = gnu99;
				GCC_WARN_64_TO_32_BIT_CONVERSION = YES;
				GCC_WARN_ABOUT_RETURN_TYPE = YES_ERROR;
				GCC_WARN_UNDECLARED_SELECTOR = YES;
				GCC_WARN_UNINITIALIZED_AUTOS = YES_AGGRESSIVE;
				GCC_WARN_UNUSED_FUNCTION = YES;
				GCC_WARN_UNUSED_VARIABLE = YES;
				IPHONEOS_DEPLOYMENT_TARGET = 8.1;
				MTL_ENABLE_DEBUG_INFO = NO;
				SDKROOT = iphoneos;
				TARGETED_DEVICE_FAMILY = "1,2";
				VALIDATE_PRODUCT = YES;
			};
			name = Release;
		};
		7558DFEB1A8E18B60088138A /* Debug */ = {
			isa = XCBuildConfiguration;
			buildSettings = {
				ASSETCATALOG_COMPILER_APPICON_NAME = AppIcon;
				INFOPLIST_FILE = "SWRevealController-Test/Info.plist";
				LD_RUNPATH_SEARCH_PATHS = "$(inherited) @executable_path/Frameworks";
				PRODUCT_NAME = "$(TARGET_NAME)";
			};
			name = Debug;
		};
		7558DFEC1A8E18B60088138A /* Release */ = {
			isa = XCBuildConfiguration;
			buildSettings = {
				ASSETCATALOG_COMPILER_APPICON_NAME = AppIcon;
				INFOPLIST_FILE = "SWRevealController-Test/Info.plist";
				LD_RUNPATH_SEARCH_PATHS = "$(inherited) @executable_path/Frameworks";
				PRODUCT_NAME = "$(TARGET_NAME)";
			};
			name = Release;
		};
		7558DFEE1A8E18B60088138A /* Debug */ = {
			isa = XCBuildConfiguration;
			buildSettings = {
				BUNDLE_LOADER = "$(TEST_HOST)";
				FRAMEWORK_SEARCH_PATHS = (
					"$(SDKROOT)/Developer/Library/Frameworks",
					"$(inherited)",
				);
				GCC_PREPROCESSOR_DEFINITIONS = (
					"DEBUG=1",
					"$(inherited)",
				);
				INFOPLIST_FILE = "SWRevealController-TestTests/Info.plist";
				LD_RUNPATH_SEARCH_PATHS = "$(inherited) @executable_path/Frameworks @loader_path/Frameworks";
				PRODUCT_NAME = "$(TARGET_NAME)";
				TEST_HOST = "$(BUILT_PRODUCTS_DIR)/SWRevealController-Test.app/SWRevealController-Test";
			};
			name = Debug;
		};
		7558DFEF1A8E18B60088138A /* Release */ = {
			isa = XCBuildConfiguration;
			buildSettings = {
				BUNDLE_LOADER = "$(TEST_HOST)";
				FRAMEWORK_SEARCH_PATHS = (
					"$(SDKROOT)/Developer/Library/Frameworks",
					"$(inherited)",
				);
				INFOPLIST_FILE = "SWRevealController-TestTests/Info.plist";
				LD_RUNPATH_SEARCH_PATHS = "$(inherited) @executable_path/Frameworks @loader_path/Frameworks";
				PRODUCT_NAME = "$(TARGET_NAME)";
				TEST_HOST = "$(BUILT_PRODUCTS_DIR)/SWRevealController-Test.app/SWRevealController-Test";
			};
			name = Release;
		};
/* End XCBuildConfiguration section */

/* Begin XCConfigurationList section */
		7558DFC21A8E18B60088138A /* Build configuration list for PBXProject "SWRevealController-Test" */ = {
			isa = XCConfigurationList;
			buildConfigurations = (
				7558DFE81A8E18B60088138A /* Debug */,
				7558DFE91A8E18B60088138A /* Release */,
			);
			defaultConfigurationIsVisible = 0;
			defaultConfigurationName = Release;
		};
		7558DFEA1A8E18B60088138A /* Build configuration list for PBXNativeTarget "SWRevealController-Test" */ = {
			isa = XCConfigurationList;
			buildConfigurations = (
				7558DFEB1A8E18B60088138A /* Debug */,
				7558DFEC1A8E18B60088138A /* Release */,
			);
			defaultConfigurationIsVisible = 0;
		};
		7558DFED1A8E18B60088138A /* Build configuration list for PBXNativeTarget "SWRevealController-TestTests" */ = {
			isa = XCConfigurationList;
			buildConfigurations = (
				7558DFEE1A8E18B60088138A /* Debug */,
				7558DFEF1A8E18B60088138A /* Release */,
			);
			defaultConfigurationIsVisible = 0;
		};
/* End XCConfigurationList section */
	};
	rootObject = 7558DFBF1A8E18B60088138A /* Project object */;
}
